
Microsoft Visual Studio Solution File, Format Version 12.00
# Visual Studio Version 17
VisualStudioVersion = 17.9.34902.65
MinimumVisualStudioVersion = 10.0.40219.1
Project("{2150E333-8FDC-42A3-9474-1A3956D46DE8}") = "src", "src", "{A46B1384-CF0A-4455-9475-68B09B077253}"
EndProject
Project("{2150E333-8FDC-42A3-9474-1A3956D46DE8}") = "test", "test", "{0B462B7B-078B-4506-8054-DD939CDF9AEE}"
EndProject
Project("{2150E333-8FDC-42A3-9474-1A3956D46DE8}") = "Core", "Core", "{584A5717-FA23-4909-945C-DDBA4586EE7A}"
EndProject
Project("{2150E333-8FDC-42A3-9474-1A3956D46DE8}") = "External", "External", "{32231D02-F096-46E9-91A0-4BD045B45814}"
EndProject
Project("{9A19103F-16F7-4668-BE54-9A1E7A4F7556}") = "OnlineMuhasebeServer.Application", "OnlineMuhasebeServer.Application\OnlineMuhasebeServer.Application.csproj", "{B9B5A3E7-F3EC-49D8-8263-1BD553B72BE2}"
EndProject
Project("{9A19103F-16F7-4668-BE54-9A1E7A4F7556}") = "OnlineMuhasebeServer.Domain", "OnlineMuhasebeServer.Domain\OnlineMuhasebeServer.Domain.csproj", "{88AE4FF9-277B-4B6E-B066-3E19FA0B1BDB}"
EndProject
Project("{9A19103F-16F7-4668-BE54-9A1E7A4F7556}") = "OnlineMuhasebeServer.Infrasturcture", "OnlineMuhasebeServer.Infrasturcture\OnlineMuhasebeServer.Infrasturcture.csproj", "{A9B9AE2B-6A40-47D0-9A80-31F8C260C2F3}"
EndProject
Project("{9A19103F-16F7-4668-BE54-9A1E7A4F7556}") = "OnlineMuhasebeServer.Persistance", "OnlineMuhasebeServer.Persistance\OnlineMuhasebeServer.Persistance.csproj", "{FE669753-337C-4DA8-A5F1-1852B107F9CB}"
EndProject
Project("{9A19103F-16F7-4668-BE54-9A1E7A4F7556}") = "OnlineMuhasebeServer.WebApi", "OnlineMuhasebeServer.WebApi\OnlineMuhasebeServer.WebApi.csproj", "{91C3FE94-06E9-4C03-A2B6-C0B2889D0200}"
EndProject
Project("{9A19103F-16F7-4668-BE54-9A1E7A4F7556}") = "OnlineMuhasebeServer.UnitTest", "OnlineMuhasebeServer.UnitTest\OnlineMuhasebeServer.UnitTest.csproj", "{0A2483FC-8830-4C4A-90C5-87B1EEE39FF8}"
EndProject
Project("{9A19103F-16F7-4668-BE54-9A1E7A4F7556}") = "OnlineMuhasebeServer.Presentation", "OnlineMuhasebeServer.Presentation\OnlineMuhasebeServer.Presentation.csproj", "{C2C1B17C-9C8D-4BAF-B521-68CEAD0B3F81}"
EndProject
Project("{FAE04EC0-301F-11D3-BF4B-00C04F79EFBC}") = "OnlineMuhasebeServer.RabbirtMQ", "OnlineMuhasebeServer.RabbirtMQ\OnlineMuhasebeServer.RabbirtMQ.csproj", "{CB60ADEE-C03A-4CD3-B598-1B7D6921796D}"
EndProject
Global
	GlobalSection(SolutionConfigurationPlatforms) = preSolution
		Debug|Any CPU = Debug|Any CPU
		Release|Any CPU = Release|Any CPU
	EndGlobalSection
	GlobalSection(ProjectConfigurationPlatforms) = postSolution
		{B9B5A3E7-F3EC-49D8-8263-1BD553B72BE2}.Debug|Any CPU.ActiveCfg = Debug|Any CPU
		{B9B5A3E7-F3EC-49D8-8263-1BD553B72BE2}.Debug|Any CPU.Build.0 = Debug|Any CPU
		{B9B5A3E7-F3EC-49D8-8263-1BD553B72BE2}.Release|Any CPU.ActiveCfg = Release|Any CPU
		{B9B5A3E7-F3EC-49D8-8263-1BD553B72BE2}.Release|Any CPU.Build.0 = Release|Any CPU
		{88AE4FF9-277B-4B6E-B066-3E19FA0B1BDB}.Debug|Any CPU.ActiveCfg = Debug|Any CPU
		{88AE4FF9-277B-4B6E-B066-3E19FA0B1BDB}.Debug|Any CPU.Build.0 = Debug|Any CPU
		{88AE4FF9-277B-4B6E-B066-3E19FA0B1BDB}.Release|Any CPU.ActiveCfg = Release|Any CPU
		{88AE4FF9-277B-4B6E-B066-3E19FA0B1BDB}.Release|Any CPU.Build.0 = Release|Any CPU
		{A9B9AE2B-6A40-47D0-9A80-31F8C260C2F3}.Debug|Any CPU.ActiveCfg = Debug|Any CPU
		{A9B9AE2B-6A40-47D0-9A80-31F8C260C2F3}.Debug|Any CPU.Build.0 = Debug|Any CPU
		{A9B9AE2B-6A40-47D0-9A80-31F8C260C2F3}.Release|Any CPU.ActiveCfg = Release|Any CPU
		{A9B9AE2B-6A40-47D0-9A80-31F8C260C2F3}.Release|Any CPU.Build.0 = Release|Any CPU
		{FE669753-337C-4DA8-A5F1-1852B107F9CB}.Debug|Any CPU.ActiveCfg = Debug|Any CPU
		{FE669753-337C-4DA8-A5F1-1852B107F9CB}.Debug|Any CPU.Build.0 = Debug|Any CPU
		{FE669753-337C-4DA8-A5F1-1852B107F9CB}.Release|Any CPU.ActiveCfg = Release|Any CPU
		{FE669753-337C-4DA8-A5F1-1852B107F9CB}.Release|Any CPU.Build.0 = Release|Any CPU
		{91C3FE94-06E9-4C03-A2B6-C0B2889D0200}.Debug|Any CPU.ActiveCfg = Debug|Any CPU
		{91C3FE94-06E9-4C03-A2B6-C0B2889D0200}.Debug|Any CPU.Build.0 = Debug|Any CPU
		{91C3FE94-06E9-4C03-A2B6-C0B2889D0200}.Release|Any CPU.ActiveCfg = Release|Any CPU
		{91C3FE94-06E9-4C03-A2B6-C0B2889D0200}.Release|Any CPU.Build.0 = Release|Any CPU
		{0A2483FC-8830-4C4A-90C5-87B1EEE39FF8}.Debug|Any CPU.ActiveCfg = Debug|Any CPU
		{0A2483FC-8830-4C4A-90C5-87B1EEE39FF8}.Debug|Any CPU.Build.0 = Debug|Any CPU
		{0A2483FC-8830-4C4A-90C5-87B1EEE39FF8}.Release|Any CPU.ActiveCfg = Release|Any CPU
		{0A2483FC-8830-4C4A-90C5-87B1EEE39FF8}.Release|Any CPU.Build.0 = Release|Any CPU
		{C2C1B17C-9C8D-4BAF-B521-68CEAD0B3F81}.Debug|Any CPU.ActiveCfg = Debug|Any CPU
		{C2C1B17C-9C8D-4BAF-B521-68CEAD0B3F81}.Debug|Any CPU.Build.0 = Debug|Any CPU
		{C2C1B17C-9C8D-4BAF-B521-68CEAD0B3F81}.Release|Any CPU.ActiveCfg = Release|Any CPU
		{C2C1B17C-9C8D-4BAF-B521-68CEAD0B3F81}.Release|Any CPU.Build.0 = Release|Any CPU
		{CB60ADEE-C03A-4CD3-B598-1B7D6921796D}.Debug|Any CPU.ActiveCfg = Debug|Any CPU
		{CB60ADEE-C03A-4CD3-B598-1B7D6921796D}.Debug|Any CPU.Build.0 = Debug|Any CPU
		{CB60ADEE-C03A-4CD3-B598-1B7D6921796D}.Release|Any CPU.ActiveCfg = Release|Any CPU
		{CB60ADEE-C03A-4CD3-B598-1B7D6921796D}.Release|Any CPU.Build.0 = Release|Any CPU
	EndGlobalSection
	GlobalSection(SolutionProperties) = preSolution
		HideSolutionNode = FALSE
	EndGlobalSection
	GlobalSection(NestedProjects) = preSolution
		{584A5717-FA23-4909-945C-DDBA4586EE7A} = {A46B1384-CF0A-4455-9475-68B09B077253}
		{32231D02-F096-46E9-91A0-4BD045B45814} = {A46B1384-CF0A-4455-9475-68B09B077253}
		{B9B5A3E7-F3EC-49D8-8263-1BD553B72BE2} = {584A5717-FA23-4909-945C-DDBA4586EE7A}
		{88AE4FF9-277B-4B6E-B066-3E19FA0B1BDB} = {584A5717-FA23-4909-945C-DDBA4586EE7A}
		{A9B9AE2B-6A40-47D0-9A80-31F8C260C2F3} = {32231D02-F096-46E9-91A0-4BD045B45814}
		{FE669753-337C-4DA8-A5F1-1852B107F9CB} = {32231D02-F096-46E9-91A0-4BD045B45814}
		{91C3FE94-06E9-4C03-A2B6-C0B2889D0200} = {A46B1384-CF0A-4455-9475-68B09B077253}
		{0A2483FC-8830-4C4A-90C5-87B1EEE39FF8} = {0B462B7B-078B-4506-8054-DD939CDF9AEE}
		{C2C1B17C-9C8D-4BAF-B521-68CEAD0B3F81} = {32231D02-F096-46E9-91A0-4BD045B45814}
		{CB60ADEE-C03A-4CD3-B598-1B7D6921796D} = {A46B1384-CF0A-4455-9475-68B09B077253}
	EndGlobalSection
	GlobalSection(ExtensibilityGlobals) = postSolution
		SolutionGuid = {0AA78BF1-48DF-46B2-852B-1E6EA192B78C}
	EndGlobalSection
EndGlobal
